
Microsoft Visual Studio Solution File, Format Version 11.00
# Visual Studio 2010
Project("{FAE04EC0-301F-11D3-BF4B-00C04F79EFBC}") = "08-ClassDevelopment", "08-ClassDevelopment\08-ClassDevelopment.csproj", "{9F346047-3874-416B-A47D-63D0D0A6CE02}"
EndProject
Global
	GlobalSection(SolutionConfigurationPlatforms) = preSolution
		Debug|x86 = Debug|x86
		Release|x86 = Release|x86
	EndGlobalSection
	GlobalSection(ProjectConfigurationPlatforms) = postSolution
		{9F346047-3874-416B-A47D-63D0D0A6CE02}.Debug|x86.ActiveCfg = Debug|x86
		{9F346047-3874-416B-A47D-63D0D0A6CE02}.Debug|x86.Build.0 = Debug|x86
		{9F346047-3874-416B-A47D-63D0D0A6CE02}.Release|x86.ActiveCfg = Release|x86
		{9F346047-3874-416B-A47D-63D0D0A6CE02}.Release|x86.Build.0 = Release|x86
	EndGlobalSection
	GlobalSection(SolutionProperties) = preSolution
		HideSolutionNode = FALSE
	EndGlobalSection
EndGlobal
